
Microsoft Visual Studio Solution File, Format Version 12.00
# Visual Studio Version 17
VisualStudioVersion = 17.7.34024.191
MinimumVisualStudioVersion = 10.0.40219.1
Project("{9A19103F-16F7-4668-BE54-9A1E7A4F7556}") = "Client", "HWALL\HW2_folder\Client\Client.csproj", "{CE7D1409-DBCB-4F5B-9FB2-CCEBF70F5806}"
EndProject
Project("{9A19103F-16F7-4668-BE54-9A1E7A4F7556}") = "Menu", "HWALL\HW2_folder\Menu\Menu.csproj", "{4D88CF26-3671-457C-A689-EA78C701E8F9}"
EndProject
Project("{9A19103F-16F7-4668-BE54-9A1E7A4F7556}") = "WorkWithUser", "HWALL\HW2_folder\WorkWithUser\WorkWithUser.csproj", "{5FD2F4D3-2D3A-4A5A-AE7B-8117172E2D70}"
EndProject
Project("{2150E333-8FDC-42A3-9474-1A3956D46DE8}") = "HWALL", "HWALL", "{DAA35E81-76AD-45EF-AB72-17ABA044B403}"
EndProject
Project("{2150E333-8FDC-42A3-9474-1A3956D46DE8}") = "HW2_folder", "HW2_folder", "{E60101F5-7BF9-4850-A492-A2AFA85583DA}"
EndProject
Project("{FAE04EC0-301F-11D3-BF4B-00C04F79EFBC}") = "Client", "HWALL\HW3_folder\Client\Client.csproj", "{CD9DBD43-0F6A-4B0E-A59F-D8561F4B31D4}"
EndProject
Project("{9A19103F-16F7-4668-BE54-9A1E7A4F7556}") = "Provider", "HWALL\HW3_folder\Provider\Provider.csproj", "{19F676D8-38D3-4DDA-96BC-41638180F9F9}"
EndProject
Project("{2150E333-8FDC-42A3-9474-1A3956D46DE8}") = "HW3_folder", "HW3_folder", "{92EF9718-7CB2-4EA6-8C48-73E6A2844CF3}"
EndProject
Global
	GlobalSection(SolutionConfigurationPlatforms) = preSolution
		Debug|Any CPU = Debug|Any CPU
		Release|Any CPU = Release|Any CPU
	EndGlobalSection
	GlobalSection(ProjectConfigurationPlatforms) = postSolution
		{CE7D1409-DBCB-4F5B-9FB2-CCEBF70F5806}.Debug|Any CPU.ActiveCfg = Debug|Any CPU
		{CE7D1409-DBCB-4F5B-9FB2-CCEBF70F5806}.Debug|Any CPU.Build.0 = Debug|Any CPU
		{CE7D1409-DBCB-4F5B-9FB2-CCEBF70F5806}.Release|Any CPU.ActiveCfg = Release|Any CPU
		{CE7D1409-DBCB-4F5B-9FB2-CCEBF70F5806}.Release|Any CPU.Build.0 = Release|Any CPU
		{4D88CF26-3671-457C-A689-EA78C701E8F9}.Debug|Any CPU.ActiveCfg = Debug|Any CPU
		{4D88CF26-3671-457C-A689-EA78C701E8F9}.Debug|Any CPU.Build.0 = Debug|Any CPU
		{4D88CF26-3671-457C-A689-EA78C701E8F9}.Release|Any CPU.ActiveCfg = Release|Any CPU
		{4D88CF26-3671-457C-A689-EA78C701E8F9}.Release|Any CPU.Build.0 = Release|Any CPU
		{5FD2F4D3-2D3A-4A5A-AE7B-8117172E2D70}.Debug|Any CPU.ActiveCfg = Debug|Any CPU
		{5FD2F4D3-2D3A-4A5A-AE7B-8117172E2D70}.Debug|Any CPU.Build.0 = Debug|Any CPU
		{5FD2F4D3-2D3A-4A5A-AE7B-8117172E2D70}.Release|Any CPU.ActiveCfg = Release|Any CPU
		{5FD2F4D3-2D3A-4A5A-AE7B-8117172E2D70}.Release|Any CPU.Build.0 = Release|Any CPU
		{CD9DBD43-0F6A-4B0E-A59F-D8561F4B31D4}.Debug|Any CPU.ActiveCfg = Debug|Any CPU
		{CD9DBD43-0F6A-4B0E-A59F-D8561F4B31D4}.Debug|Any CPU.Build.0 = Debug|Any CPU
		{CD9DBD43-0F6A-4B0E-A59F-D8561F4B31D4}.Release|Any CPU.ActiveCfg = Release|Any CPU
		{CD9DBD43-0F6A-4B0E-A59F-D8561F4B31D4}.Release|Any CPU.Build.0 = Release|Any CPU
		{19F676D8-38D3-4DDA-96BC-41638180F9F9}.Debug|Any CPU.ActiveCfg = Debug|Any CPU
		{19F676D8-38D3-4DDA-96BC-41638180F9F9}.Debug|Any CPU.Build.0 = Debug|Any CPU
		{19F676D8-38D3-4DDA-96BC-41638180F9F9}.Release|Any CPU.ActiveCfg = Release|Any CPU
		{19F676D8-38D3-4DDA-96BC-41638180F9F9}.Release|Any CPU.Build.0 = Release|Any CPU
	EndGlobalSection
	GlobalSection(SolutionProperties) = preSolution
		HideSolutionNode = FALSE
	EndGlobalSection
	GlobalSection(NestedProjects) = preSolution
		{CE7D1409-DBCB-4F5B-9FB2-CCEBF70F5806} = {E60101F5-7BF9-4850-A492-A2AFA85583DA}
		{4D88CF26-3671-457C-A689-EA78C701E8F9} = {E60101F5-7BF9-4850-A492-A2AFA85583DA}
		{5FD2F4D3-2D3A-4A5A-AE7B-8117172E2D70} = {E60101F5-7BF9-4850-A492-A2AFA85583DA}
		{E60101F5-7BF9-4850-A492-A2AFA85583DA} = {DAA35E81-76AD-45EF-AB72-17ABA044B403}
		{CD9DBD43-0F6A-4B0E-A59F-D8561F4B31D4} = {92EF9718-7CB2-4EA6-8C48-73E6A2844CF3}
		{19F676D8-38D3-4DDA-96BC-41638180F9F9} = {92EF9718-7CB2-4EA6-8C48-73E6A2844CF3}
		{92EF9718-7CB2-4EA6-8C48-73E6A2844CF3} = {DAA35E81-76AD-45EF-AB72-17ABA044B403}
	EndGlobalSection
	GlobalSection(ExtensibilityGlobals) = postSolution
		SolutionGuid = {6D90A234-ABD6-4C37-9062-A984EFB544A2}
	EndGlobalSection
EndGlobal
