
Microsoft Visual Studio Solution File, Format Version 12.00
# Visual Studio Version 17
VisualStudioVersion = 17.7.34024.191
MinimumVisualStudioVersion = 10.0.40219.1
Project("{9A19103F-16F7-4668-BE54-9A1E7A4F7556}") = "Menu", "Menu\Menu.csproj", "{4D88CF26-3671-457C-A689-EA78C701E8F9}"
EndProject
Project("{9A19103F-16F7-4668-BE54-9A1E7A4F7556}") = "WorkWithUser", "WorkWithUser\WorkWithUser.csproj", "{5FD2F4D3-2D3A-4A5A-AE7B-8117172E2D70}"
EndProject
Project("{9A19103F-16F7-4668-BE54-9A1E7A4F7556}") = "Provider", "Provider\Provider.csproj", "{75B319AF-0F00-4840-8EE2-8F4DDA0A303C}"
EndProject
Project("{9A19103F-16F7-4668-BE54-9A1E7A4F7556}") = "DbModels", "DbModels\DbModels.csproj", "{39829F96-2FFB-4408-8DAF-E34E84AD94FE}"
EndProject
Project("{9A19103F-16F7-4668-BE54-9A1E7A4F7556}") = "Services", "Services\Services\Services.csproj", "{D5DF950A-12E4-40F6-A278-787F3FB91C2C}"
EndProject
Project("{2150E333-8FDC-42A3-9474-1A3956D46DE8}") = "Services", "Services", "{759D5088-CF1E-4F3A-BC4B-19E536CF1765}"
EndProject
Project("{9A19103F-16F7-4668-BE54-9A1E7A4F7556}") = "MenuItem", "MenuItem\MenuItem.csproj", "{EB833B09-EE7E-49D3-8AFB-B0263B3EFA25}"
EndProject
Project("{9A19103F-16F7-4668-BE54-9A1E7A4F7556}") = "ConsoleClient", "ConsoleClient\ConsoleClient.csproj", "{902EFA3A-74E1-46F1-998E-B5E214E5C36C}"
EndProject
Project("{FAE04EC0-301F-11D3-BF4B-00C04F79EFBC}") = "SS_Web", "SS_Web\SS_Web.csproj", "{4ABBAE99-286E-4CA6-8BC9-42D4D0467CF1}"
EndProject
Global
	GlobalSection(SolutionConfigurationPlatforms) = preSolution
		Debug|Any CPU = Debug|Any CPU
		Release|Any CPU = Release|Any CPU
	EndGlobalSection
	GlobalSection(ProjectConfigurationPlatforms) = postSolution
		{4D88CF26-3671-457C-A689-EA78C701E8F9}.Debug|Any CPU.ActiveCfg = Debug|Any CPU
		{4D88CF26-3671-457C-A689-EA78C701E8F9}.Debug|Any CPU.Build.0 = Debug|Any CPU
		{4D88CF26-3671-457C-A689-EA78C701E8F9}.Release|Any CPU.ActiveCfg = Release|Any CPU
		{4D88CF26-3671-457C-A689-EA78C701E8F9}.Release|Any CPU.Build.0 = Release|Any CPU
		{5FD2F4D3-2D3A-4A5A-AE7B-8117172E2D70}.Debug|Any CPU.ActiveCfg = Debug|Any CPU
		{5FD2F4D3-2D3A-4A5A-AE7B-8117172E2D70}.Debug|Any CPU.Build.0 = Debug|Any CPU
		{5FD2F4D3-2D3A-4A5A-AE7B-8117172E2D70}.Release|Any CPU.ActiveCfg = Release|Any CPU
		{5FD2F4D3-2D3A-4A5A-AE7B-8117172E2D70}.Release|Any CPU.Build.0 = Release|Any CPU
		{75B319AF-0F00-4840-8EE2-8F4DDA0A303C}.Debug|Any CPU.ActiveCfg = Debug|Any CPU
		{75B319AF-0F00-4840-8EE2-8F4DDA0A303C}.Debug|Any CPU.Build.0 = Debug|Any CPU
		{75B319AF-0F00-4840-8EE2-8F4DDA0A303C}.Release|Any CPU.ActiveCfg = Release|Any CPU
		{75B319AF-0F00-4840-8EE2-8F4DDA0A303C}.Release|Any CPU.Build.0 = Release|Any CPU
		{39829F96-2FFB-4408-8DAF-E34E84AD94FE}.Debug|Any CPU.ActiveCfg = Debug|Any CPU
		{39829F96-2FFB-4408-8DAF-E34E84AD94FE}.Debug|Any CPU.Build.0 = Debug|Any CPU
		{39829F96-2FFB-4408-8DAF-E34E84AD94FE}.Release|Any CPU.ActiveCfg = Release|Any CPU
		{39829F96-2FFB-4408-8DAF-E34E84AD94FE}.Release|Any CPU.Build.0 = Release|Any CPU
		{D5DF950A-12E4-40F6-A278-787F3FB91C2C}.Debug|Any CPU.ActiveCfg = Debug|Any CPU
		{D5DF950A-12E4-40F6-A278-787F3FB91C2C}.Debug|Any CPU.Build.0 = Debug|Any CPU
		{D5DF950A-12E4-40F6-A278-787F3FB91C2C}.Release|Any CPU.ActiveCfg = Release|Any CPU
		{D5DF950A-12E4-40F6-A278-787F3FB91C2C}.Release|Any CPU.Build.0 = Release|Any CPU
		{EB833B09-EE7E-49D3-8AFB-B0263B3EFA25}.Debug|Any CPU.ActiveCfg = Debug|Any CPU
		{EB833B09-EE7E-49D3-8AFB-B0263B3EFA25}.Debug|Any CPU.Build.0 = Debug|Any CPU
		{EB833B09-EE7E-49D3-8AFB-B0263B3EFA25}.Release|Any CPU.ActiveCfg = Release|Any CPU
		{EB833B09-EE7E-49D3-8AFB-B0263B3EFA25}.Release|Any CPU.Build.0 = Release|Any CPU
		{902EFA3A-74E1-46F1-998E-B5E214E5C36C}.Debug|Any CPU.ActiveCfg = Debug|Any CPU
		{902EFA3A-74E1-46F1-998E-B5E214E5C36C}.Debug|Any CPU.Build.0 = Debug|Any CPU
		{902EFA3A-74E1-46F1-998E-B5E214E5C36C}.Release|Any CPU.ActiveCfg = Release|Any CPU
		{902EFA3A-74E1-46F1-998E-B5E214E5C36C}.Release|Any CPU.Build.0 = Release|Any CPU
		{4ABBAE99-286E-4CA6-8BC9-42D4D0467CF1}.Debug|Any CPU.ActiveCfg = Debug|Any CPU
		{4ABBAE99-286E-4CA6-8BC9-42D4D0467CF1}.Debug|Any CPU.Build.0 = Debug|Any CPU
		{4ABBAE99-286E-4CA6-8BC9-42D4D0467CF1}.Release|Any CPU.ActiveCfg = Release|Any CPU
		{4ABBAE99-286E-4CA6-8BC9-42D4D0467CF1}.Release|Any CPU.Build.0 = Release|Any CPU
	EndGlobalSection
	GlobalSection(SolutionProperties) = preSolution
		HideSolutionNode = FALSE
	EndGlobalSection
	GlobalSection(NestedProjects) = preSolution
		{D5DF950A-12E4-40F6-A278-787F3FB91C2C} = {759D5088-CF1E-4F3A-BC4B-19E536CF1765}
	EndGlobalSection
	GlobalSection(ExtensibilityGlobals) = postSolution
		SolutionGuid = {6D90A234-ABD6-4C37-9062-A984EFB544A2}
	EndGlobalSection
EndGlobal
